// !$*UTF8*$!
{
	archiveVersion = 1;
	classes = {
	};
	objectVersion = 50;
	objects = {

/* Begin PBXBuildFile section */
		B2F4F37424F0D600004F3A01 /* ModalApp.swift in Sources */ = {isa = PBXBuildFile; fileRef = B2F4F37324F0D600004F3A01 /* ModalApp.swift */; };
		B2F4F37624F0D600004F3A01 /* ContentView.swift in Sources */ = {isa = PBXBuildFile; fileRef = B2F4F37524F0D600004F3A01 /* ContentView.swift */; };
		B2F4F37824F0D602004F3A01 /* Assets.xcassets in Resources */ = {isa = PBXBuildFile; fileRef = B2F4F37724F0D602004F3A01 /* Assets.xcassets */; };
		B2F4F37B24F0D602004F3A01 /* Preview Assets.xcassets in Resources */ = {isa = PBXBuildFile; fileRef = B2F4F37A24F0D602004F3A01 /* Preview Assets.xcassets */; };
		B2F4F38324F0E926004F3A01 /* DetailView.swift in Sources */ = {isa = PBXBuildFile; fileRef = B2F4F38224F0E926004F3A01 /* DetailView.swift */; };
		B2F4F38524F0F237004F3A01 /* FlagViewModel.swift in Sources */ = {isa = PBXBuildFile; fileRef = B2F4F38424F0F237004F3A01 /* FlagViewModel.swift */; };
/* End PBXBuildFile section */

/* Begin PBXFileReference section */
		B2F4F37024F0D600004F3A01 /* Modal.app */ = {isa = PBXFileReference; explicitFileType = wrapper.application; includeInIndex = 0; path = Modal.app; sourceTree = BUILT_PRODUCTS_DIR; };
		B2F4F37324F0D600004F3A01 /* ModalApp.swift */ = {isa = PBXFileReference; lastKnownFileType = sourcecode.swift; path = ModalApp.swift; sourceTree = "<group>"; };
		B2F4F37524F0D600004F3A01 /* ContentView.swift */ = {isa = PBXFileReference; lastKnownFileType = sourcecode.swift; path = ContentView.swift; sourceTree = "<group>"; };
		B2F4F37724F0D602004F3A01 /* Assets.xcassets */ = {isa = PBXFileReference; lastKnownFileType = folder.assetcatalog; path = Assets.xcassets; sourceTree = "<group>"; };
		B2F4F37A24F0D602004F3A01 /* Preview Assets.xcassets */ = {isa = PBXFileReference; lastKnownFileType = folder.assetcatalog; path = "Preview Assets.xcassets"; sourceTree = "<group>"; };
		B2F4F37C24F0D602004F3A01 /* Info.plist */ = {isa = PBXFileReference; lastKnownFileType = text.plist.xml; path = Info.plist; sourceTree = "<group>"; };
		B2F4F38224F0E926004F3A01 /* DetailView.swift */ = {isa = PBXFileReference; lastKnownFileType = sourcecode.swift; path = DetailView.swift; sourceTree = "<group>"; };
		B2F4F38424F0F237004F3A01 /* FlagViewModel.swift */ = {isa = PBXFileReference; lastKnownFileType = sourcecode.swift; path = FlagViewModel.swift; sourceTree = "<group>"; };
/* End PBXFileReference section */

/* Begin PBXFrameworksBuildPhase section */
		B2F4F36D24F0D600004F3A01 /* Frameworks */ = {
			isa = PBXFrameworksBuildPhase;
			buildActionMask = 2147483647;
			files = (
			);
			runOnlyForDeploymentPostprocessing = 0;
		};
/* End PBXFrameworksBuildPhase section */

/* Begin PBXGroup section */
		B2F4F36724F0D600004F3A01 = {
			isa = PBXGroup;
			children = (
				B2F4F37224F0D600004F3A01 /* Modal */,
				B2F4F37124F0D600004F3A01 /* Products */,
			);
			sourceTree = "<group>";
		};
		B2F4F37124F0D600004F3A01 /* Products */ = {
			isa = PBXGroup;
			children = (
				B2F4F37024F0D600004F3A01 /* Modal.app */,
			);
			name = Products;
			sourceTree = "<group>";
		};
		B2F4F37224F0D600004F3A01 /* Modal */ = {
			isa = PBXGroup;
			children = (
				B2F4F37324F0D600004F3A01 /* ModalApp.swift */,
				B2F4F37524F0D600004F3A01 /* ContentView.swift */,
				B2F4F38224F0E926004F3A01 /* DetailView.swift */,
				B2F4F38424F0F237004F3A01 /* FlagViewModel.swift */,
				B2F4F37724F0D602004F3A01 /* Assets.xcassets */,
				B2F4F37C24F0D602004F3A01 /* Info.plist */,
				B2F4F37924F0D602004F3A01 /* Preview Content */,
			);
			path = Modal;
			sourceTree = "<group>";
		};
		B2F4F37924F0D602004F3A01 /* Preview Content */ = {
			isa = PBXGroup;
			children = (
				B2F4F37A24F0D602004F3A01 /* Preview Assets.xcassets */,
			);
			path = "Preview Content";
			sourceTree = "<group>";
		};
/* End PBXGroup section */

/* Begin PBXNativeTarget section */
		B2F4F36F24F0D600004F3A01 /* Modal */ = {
			isa = PBXNativeTarget;
			buildConfigurationList = B2F4F37F24F0D602004F3A01 /* Build configuration list for PBXNativeTarget "Modal" */;
			buildPhases = (
				B2F4F36C24F0D600004F3A01 /* Sources */,
				B2F4F36D24F0D600004F3A01 /* Frameworks */,
				B2F4F36E24F0D600004F3A01 /* Resources */,
			);
			buildRules = (
			);
			dependencies = (
			);
			name = Modal;
			productName = Modal;
			productReference = B2F4F37024F0D600004F3A01 /* Modal.app */;
			productType = "com.apple.product-type.application";
		};
/* End PBXNativeTarget section */

/* Begin PBXProject section */
		B2F4F36824F0D600004F3A01 /* Project object */ = {
			isa = PBXProject;
			attributes = {
				LastSwiftUpdateCheck = 1200;
				LastUpgradeCheck = 1200;
				TargetAttributes = {
					B2F4F36F24F0D600004F3A01 = {
						CreatedOnToolsVersion = 12.0;
					};
				};
			};
			buildConfigurationList = B2F4F36B24F0D600004F3A01 /* Build configuration list for PBXProject "Modal" */;
			compatibilityVersion = "Xcode 9.3";
			developmentRegion = en;
			hasScannedForEncodings = 0;
			knownRegions = (
				en,
				Base,
			);
			mainGroup = B2F4F36724F0D600004F3A01;
			productRefGroup = B2F4F37124F0D600004F3A01 /* Products */;
			projectDirPath = "";
			projectRoot = "";
			targets = (
				B2F4F36F24F0D600004F3A01 /* Modal */,
			);
		};
/* End PBXProject section */

/* Begin PBXResourcesBuildPhase section */
		B2F4F36E24F0D600004F3A01 /* Resources */ = {
			isa = PBXResourcesBuildPhase;
			buildActionMask = 2147483647;
			files = (
				B2F4F37B24F0D602004F3A01 /* Preview Assets.xcassets in Resources */,
				B2F4F37824F0D602004F3A01 /* Assets.xcassets in Resources */,
			);
			runOnlyForDeploymentPostprocessing = 0;
		};
/* End PBXResourcesBuildPhase section */

/* Begin PBXSourcesBuildPhase section */
		B2F4F36C24F0D600004F3A01 /* Sources */ = {
			isa = PBXSourcesBuildPhase;
			buildActionMask = 2147483647;
			files = (
				B2F4F38524F0F237004F3A01 /* FlagViewModel.swift in Sources */,
				B2F4F37624F0D600004F3A01 /* ContentView.swift in Sources */,
				B2F4F38324F0E926004F3A01 /* DetailView.swift in Sources */,
				B2F4F37424F0D600004F3A01 /* ModalApp.swift in Sources */,
			);
			runOnlyForDeploymentPostprocessing = 0;
		};
/* End PBXSourcesBuildPhase section */

/* Begin XCBuildConfiguration section */
		B2F4F37D24F0D602004F3A01 /* Debug */ = {
			isa = XCBuildConfiguration;
			buildSettings = {
				ALWAYS_SEARCH_USER_PATHS = NO;
				CLANG_ANALYZER_NONNULL = YES;
				CLANG_ANALYZER_NUMBER_OBJECT_CONVERSION = YES_AGGRESSIVE;
				CLANG_CXX_LANGUAGE_STANDARD = "gnu++14";
				CLANG_CXX_LIBRARY = "libc++";
				CLANG_ENABLE_MODULES = YES;
				CLANG_ENABLE_OBJC_ARC = YES;
				CLANG_ENABLE_OBJC_WEAK = YES;
				CLANG_WARN_BLOCK_CAPTURE_AUTORELEASING = YES;
				CLANG_WARN_BOOL_CONVERSION = YES;
				CLANG_WARN_COMMA = YES;
				CLANG_WARN_CONSTANT_CONVERSION = YES;
				CLANG_WARN_DEPRECATED_OBJC_IMPLEMENTATIONS = YES;
				CLANG_WARN_DIRECT_OBJC_ISA_USAGE = YES_ERROR;
				CLANG_WARN_DOCUMENTATION_COMMENTS = YES;
				CLANG_WARN_EMPTY_BODY = YES;
				CLANG_WARN_ENUM_CONVERSION = YES;
				CLANG_WARN_INFINITE_RECURSION = YES;
				CLANG_WARN_INT_CONVERSION = YES;
				CLANG_WARN_NON_LITERAL_NULL_CONVERSION = YES;
				CLANG_WARN_OBJC_IMPLICIT_RETAIN_SELF = YES;
				CLANG_WARN_OBJC_LITERAL_CONVERSION = YES;
				CLANG_WARN_OBJC_ROOT_CLASS = YES_ERROR;
				CLANG_WARN_QUOTED_INCLUDE_IN_FRAMEWORK_HEADER = YES;
				CLANG_WARN_RANGE_LOOP_ANALYSIS = YES;
				CLANG_WARN_STRICT_PROTOTYPES = YES;
				CLANG_WARN_SUSPICIOUS_MOVE = YES;
				CLANG_WARN_UNGUARDED_AVAILABILITY = YES_AGGRESSIVE;
				CLANG_WARN_UNREACHABLE_CODE = YES;
				CLANG_WARN__DUPLICATE_METHOD_MATCH = YES;
				COPY_PHASE_STRIP = NO;
				DEBUG_INFORMATION_FORMAT = dwarf;
				ENABLE_STRICT_OBJC_MSGSEND = YES;
				ENABLE_TESTABILITY = YES;
				GCC_C_LANGUAGE_STANDARD = gnu11;
				GCC_DYNAMIC_NO_PIC = NO;
				GCC_NO_COMMON_BLOCKS = YES;
				GCC_OPTIMIZATION_LEVEL = 0;
				GCC_PREPROCESSOR_DEFINITIONS = (
					"DEBUG=1",
					"$(inherited)",
				);
				GCC_WARN_64_TO_32_BIT_CONVERSION = YES;
				GCC_WARN_ABOUT_RETURN_TYPE = YES_ERROR;
				GCC_WARN_UNDECLARED_SELECTOR = YES;
				GCC_WARN_UNINITIALIZED_AUTOS = YES_AGGRESSIVE;
				GCC_WARN_UNUSED_FUNCTION = YES;
				GCC_WARN_UNUSED_VARIABLE = YES;
				IPHONEOS_DEPLOYMENT_TARGET = 14.0;
				MTL_ENABLE_DEBUG_INFO = INCLUDE_SOURCE;
				MTL_FAST_MATH = YES;
				ONLY_ACTIVE_ARCH = YES;
				SDKROOT = iphoneos;
				SWIFT_ACTIVE_COMPILATION_CONDITIONS = DEBUG;
				SWIFT_OPTIMIZATION_LEVEL = "-Onone";
			};
			name = Debug;
		};
		B2F4F37E24F0D602004F3A01 /* Release */ = {
			isa = XCBuildConfiguration;
			buildSettings = {
				ALWAYS_SEARCH_USER_PATHS = NO;
				CLANG_ANALYZER_NONNULL = YES;
				CLANG_ANALYZER_NUMBER_OBJECT_CONVERSION = YES_AGGRESSIVE;
				CLANG_CXX_LANGUAGE_STANDARD = "gnu++14";
				CLANG_CXX_LIBRARY = "libc++";
				CLANG_ENABLE_MODULES = YES;
				CLANG_ENABLE_OBJC_ARC = YES;
				CLANG_ENABLE_OBJC_WEAK = YES;
				CLANG_WARN_BLOCK_CAPTURE_AUTORELEASING = YES;
				CLANG_WARN_BOOL_CONVERSION = YES;
				CLANG_WARN_COMMA = YES;
				CLANG_WARN_CONSTANT_CONVERSION = YES;
				CLANG_WARN_DEPRECATED_OBJC_IMPLEMENTATIONS = YES;
				CLANG_WARN_DIRECT_OBJC_ISA_USAGE = YES_ERROR;
				CLANG_WARN_DOCUMENTATION_COMMENTS = YES;
				CLANG_WARN_EMPTY_BODY = YES;
				CLANG_WARN_ENUM_CONVERSION = YES;
				CLANG_WARN_INFINITE_RECURSION = YES;
				CLANG_WARN_INT_CONVERSION = YES;
				CLANG_WARN_NON_LITERAL_NULL_CONVERSION = YES;
				CLANG_WARN_OBJC_IMPLICIT_RETAIN_SELF = YES;
				CLANG_WARN_OBJC_LITERAL_CONVERSION = YES;
				CLANG_WARN_OBJC_ROOT_CLASS = YES_ERROR;
				CLANG_WARN_QUOTED_INCLUDE_IN_FRAMEWORK_HEADER = YES;
				CLANG_WARN_RANGE_LOOP_ANALYSIS = YES;
				CLANG_WARN_STRICT_PROTOTYPES = YES;
				CLANG_WARN_SUSPICIOUS_MOVE = YES;
				CLANG_WARN_UNGUARDED_AVAILABILITY = YES_AGGRESSIVE;
				CLANG_WARN_UNREACHABLE_CODE = YES;
				CLANG_WARN__DUPLICATE_METHOD_MATCH = YES;
				COPY_PHASE_STRIP = NO;
				DEBUG_INFORMATION_FORMAT = "dwarf-with-dsym";
				ENABLE_NS_ASSERTIONS = NO;
				ENABLE_STRICT_OBJC_MSGSEND = YES;
				GCC_C_LANGUAGE_STANDARD = gnu11;
				GCC_NO_COMMON_BLOCKS = YES;
				GCC_WARN_64_TO_32_BIT_CONVERSION = YES;
				GCC_WARN_ABOUT_RETURN_TYPE = YES_ERROR;
				GCC_WARN_UNDECLARED_SELECTOR = YES;
				GCC_WARN_UNINITIALIZED_AUTOS = YES_AGGRESSIVE;
				GCC_WARN_UNUSED_FUNCTION = YES;
				GCC_WARN_UNUSED_VARIABLE = YES;
				IPHONEOS_DEPLOYMENT_TARGET = 14.0;
				MTL_ENABLE_DEBUG_INFO = NO;
				MTL_FAST_MATH = YES;
				SDKROOT = iphoneos;
				SWIFT_COMPILATION_MODE = wholemodule;
				SWIFT_OPTIMIZATION_LEVEL = "-O";
				VALIDATE_PRODUCT = YES;
			};
			name = Release;
		};
		B2F4F38024F0D602004F3A01 /* Debug */ = {
			isa = XCBuildConfiguration;
			buildSettings = {
				ASSETCATALOG_COMPILER_APPICON_NAME = AppIcon;
				ASSETCATALOG_COMPILER_GLOBAL_ACCENT_COLOR_NAME = AccentColor;
				CODE_SIGN_STYLE = Automatic;
				DEVELOPMENT_ASSET_PATHS = "\"Modal/Preview Content\"";
				DEVELOPMENT_TEAM = R46Q3HW9V3;
				ENABLE_PREVIEWS = YES;
				INFOPLIST_FILE = Modal/Info.plist;
				IPHONEOS_DEPLOYMENT_TARGET = 14.0;
				LD_RUNPATH_SEARCH_PATHS = (
					"$(inherited)",
					"@executable_path/Frameworks",
				);
				PRODUCT_BUNDLE_IDENTIFIER = dev.kanz.Modal;
				PRODUCT_NAME = "$(TARGET_NAME)";
				SWIFT_VERSION = 5.0;
				TARGETED_DEVICE_FAMILY = "1,2";
			};
			name = Debug;
		};
		B2F4F38124F0D602004F3A01 /* Release */ = {
			isa = XCBuildConfiguration;
			buildSettings = {
				ASSETCATALOG_COMPILER_APPICON_NAME = AppIcon;
				ASSETCATALOG_COMPILER_GLOBAL_ACCENT_COLOR_NAME = AccentColor;
				CODE_SIGN_STYLE = Automatic;
				DEVELOPMENT_ASSET_PATHS = "\"Modal/Preview Content\"";
				DEVELOPMENT_TEAM = R46Q3HW9V3;
				ENABLE_PREVIEWS = YES;
				INFOPLIST_FILE = Modal/Info.plist;
				IPHONEOS_DEPLOYMENT_TARGET = 14.0;
				LD_RUNPATH_SEARCH_PATHS = (
					"$(inherited)",
					"@executable_path/Frameworks",
				);
				PRODUCT_BUNDLE_IDENTIFIER = dev.kanz.Modal;
				PRODUCT_NAME = "$(TARGET_NAME)";
				SWIFT_VERSION = 5.0;
				TARGETED_DEVICE_FAMILY = "1,2";
			};
			name = Release;
		};
/* End XCBuildConfiguration section */

/* Begin XCConfigurationList section */
		B2F4F36B24F0D600004F3A01 /* Build configuration list for PBXProject "Modal" */ = {
			isa = XCConfigurationList;
			buildConfigurations = (
				B2F4F37D24F0D602004F3A01 /* Debug */,
				B2F4F37E24F0D602004F3A01 /* Release */,
			);
			defaultConfigurationIsVisible = 0;
			defaultConfigurationName = Release;
		};
		B2F4F37F24F0D602004F3A01 /* Build configuration list for PBXNativeTarget "Modal" */ = {
			isa = XCConfigurationList;
			buildConfigurations = (
				B2F4F38024F0D602004F3A01 /* Debug */,
				B2F4F38124F0D602004F3A01 /* Release */,
			);
			defaultConfigurationIsVisible = 0;
			defaultConfigurationName = Release;
		};
/* End XCConfigurationList section */
	};
	rootObject = B2F4F36824F0D600004F3A01 /* Project object */;
}
