// !$*UTF8*$!
{
	archiveVersion = 1;
	classes = {
	};
	objectVersion = 50;
	objects = {

/* Begin PBXBuildFile section */
		B280BC6F24E829880091D74B /* CurrentWeatherApp.swift in Sources */ = {isa = PBXBuildFile; fileRef = B280BC6E24E829880091D74B /* CurrentWeatherApp.swift */; };
		B280BC7124E829880091D74B /* ContentView.swift in Sources */ = {isa = PBXBuildFile; fileRef = B280BC7024E829880091D74B /* ContentView.swift */; };
		B280BC7324E829890091D74B /* Assets.xcassets in Resources */ = {isa = PBXBuildFile; fileRef = B280BC7224E829890091D74B /* Assets.xcassets */; };
		B280BC7624E829890091D74B /* Preview Assets.xcassets in Resources */ = {isa = PBXBuildFile; fileRef = B280BC7524E829890091D74B /* Preview Assets.xcassets */; };
		B280BC7E24E82B6C0091D74B /* Constants.swift in Sources */ = {isa = PBXBuildFile; fileRef = B280BC7D24E82B6C0091D74B /* Constants.swift */; };
		B280BC8124E82B880091D74B /* Weather.swift in Sources */ = {isa = PBXBuildFile; fileRef = B280BC8024E82B880091D74B /* Weather.swift */; };
		B280BC8424E82CD90091D74B /* WeatherService.swift in Sources */ = {isa = PBXBuildFile; fileRef = B280BC8324E82CD90091D74B /* WeatherService.swift */; };
		B280BC8724E82F690091D74B /* WeatherViewModel.swift in Sources */ = {isa = PBXBuildFile; fileRef = B280BC8624E82F690091D74B /* WeatherViewModel.swift */; };
/* End PBXBuildFile section */

/* Begin PBXFileReference section */
		B280BC6B24E829880091D74B /* CurrentWeather.app */ = {isa = PBXFileReference; explicitFileType = wrapper.application; includeInIndex = 0; path = CurrentWeather.app; sourceTree = BUILT_PRODUCTS_DIR; };
		B280BC6E24E829880091D74B /* CurrentWeatherApp.swift */ = {isa = PBXFileReference; lastKnownFileType = sourcecode.swift; path = CurrentWeatherApp.swift; sourceTree = "<group>"; };
		B280BC7024E829880091D74B /* ContentView.swift */ = {isa = PBXFileReference; lastKnownFileType = sourcecode.swift; path = ContentView.swift; sourceTree = "<group>"; };
		B280BC7224E829890091D74B /* Assets.xcassets */ = {isa = PBXFileReference; lastKnownFileType = folder.assetcatalog; path = Assets.xcassets; sourceTree = "<group>"; };
		B280BC7524E829890091D74B /* Preview Assets.xcassets */ = {isa = PBXFileReference; lastKnownFileType = folder.assetcatalog; path = "Preview Assets.xcassets"; sourceTree = "<group>"; };
		B280BC7724E829890091D74B /* Info.plist */ = {isa = PBXFileReference; lastKnownFileType = text.plist.xml; path = Info.plist; sourceTree = "<group>"; };
		B280BC7D24E82B6C0091D74B /* Constants.swift */ = {isa = PBXFileReference; lastKnownFileType = sourcecode.swift; path = Constants.swift; sourceTree = "<group>"; };
		B280BC8024E82B880091D74B /* Weather.swift */ = {isa = PBXFileReference; lastKnownFileType = sourcecode.swift; path = Weather.swift; sourceTree = "<group>"; };
		B280BC8324E82CD90091D74B /* WeatherService.swift */ = {isa = PBXFileReference; lastKnownFileType = sourcecode.swift; path = WeatherService.swift; sourceTree = "<group>"; };
		B280BC8624E82F690091D74B /* WeatherViewModel.swift */ = {isa = PBXFileReference; lastKnownFileType = sourcecode.swift; path = WeatherViewModel.swift; sourceTree = "<group>"; };
/* End PBXFileReference section */

/* Begin PBXFrameworksBuildPhase section */
		B280BC6824E829880091D74B /* Frameworks */ = {
			isa = PBXFrameworksBuildPhase;
			buildActionMask = 2147483647;
			files = (
			);
			runOnlyForDeploymentPostprocessing = 0;
		};
/* End PBXFrameworksBuildPhase section */

/* Begin PBXGroup section */
		B280BC6224E829880091D74B = {
			isa = PBXGroup;
			children = (
				B280BC6D24E829880091D74B /* CurrentWeather */,
				B280BC6C24E829880091D74B /* Products */,
			);
			sourceTree = "<group>";
		};
		B280BC6C24E829880091D74B /* Products */ = {
			isa = PBXGroup;
			children = (
				B280BC6B24E829880091D74B /* CurrentWeather.app */,
			);
			name = Products;
			sourceTree = "<group>";
		};
		B280BC6D24E829880091D74B /* CurrentWeather */ = {
			isa = PBXGroup;
			children = (
				B280BC7D24E82B6C0091D74B /* Constants.swift */,
				B280BC8524E82F440091D74B /* ViewModels */,
				B280BC8224E82CCF0091D74B /* Services */,
				B280BC7F24E82B740091D74B /* Models */,
				B280BC6E24E829880091D74B /* CurrentWeatherApp.swift */,
				B280BC7024E829880091D74B /* ContentView.swift */,
				B280BC7224E829890091D74B /* Assets.xcassets */,
				B280BC7724E829890091D74B /* Info.plist */,
				B280BC7424E829890091D74B /* Preview Content */,
			);
			path = CurrentWeather;
			sourceTree = "<group>";
		};
		B280BC7424E829890091D74B /* Preview Content */ = {
			isa = PBXGroup;
			children = (
				B280BC7524E829890091D74B /* Preview Assets.xcassets */,
			);
			path = "Preview Content";
			sourceTree = "<group>";
		};
		B280BC7F24E82B740091D74B /* Models */ = {
			isa = PBXGroup;
			children = (
				B280BC8024E82B880091D74B /* Weather.swift */,
			);
			path = Models;
			sourceTree = "<group>";
		};
		B280BC8224E82CCF0091D74B /* Services */ = {
			isa = PBXGroup;
			children = (
				B280BC8324E82CD90091D74B /* WeatherService.swift */,
			);
			path = Services;
			sourceTree = "<group>";
		};
		B280BC8524E82F440091D74B /* ViewModels */ = {
			isa = PBXGroup;
			children = (
				B280BC8624E82F690091D74B /* WeatherViewModel.swift */,
			);
			path = ViewModels;
			sourceTree = "<group>";
		};
/* End PBXGroup section */

/* Begin PBXNativeTarget section */
		B280BC6A24E829880091D74B /* CurrentWeather */ = {
			isa = PBXNativeTarget;
			buildConfigurationList = B280BC7A24E829890091D74B /* Build configuration list for PBXNativeTarget "CurrentWeather" */;
			buildPhases = (
				B280BC6724E829880091D74B /* Sources */,
				B280BC6824E829880091D74B /* Frameworks */,
				B280BC6924E829880091D74B /* Resources */,
			);
			buildRules = (
			);
			dependencies = (
			);
			name = CurrentWeather;
			productName = CurrentWeather;
			productReference = B280BC6B24E829880091D74B /* CurrentWeather.app */;
			productType = "com.apple.product-type.application";
		};
/* End PBXNativeTarget section */

/* Begin PBXProject section */
		B280BC6324E829880091D74B /* Project object */ = {
			isa = PBXProject;
			attributes = {
				LastSwiftUpdateCheck = 1200;
				LastUpgradeCheck = 1200;
				TargetAttributes = {
					B280BC6A24E829880091D74B = {
						CreatedOnToolsVersion = 12.0;
					};
				};
			};
			buildConfigurationList = B280BC6624E829880091D74B /* Build configuration list for PBXProject "CurrentWeather" */;
			compatibilityVersion = "Xcode 9.3";
			developmentRegion = en;
			hasScannedForEncodings = 0;
			knownRegions = (
				en,
				Base,
			);
			mainGroup = B280BC6224E829880091D74B;
			productRefGroup = B280BC6C24E829880091D74B /* Products */;
			projectDirPath = "";
			projectRoot = "";
			targets = (
				B280BC6A24E829880091D74B /* CurrentWeather */,
			);
		};
/* End PBXProject section */

/* Begin PBXResourcesBuildPhase section */
		B280BC6924E829880091D74B /* Resources */ = {
			isa = PBXResourcesBuildPhase;
			buildActionMask = 2147483647;
			files = (
				B280BC7624E829890091D74B /* Preview Assets.xcassets in Resources */,
				B280BC7324E829890091D74B /* Assets.xcassets in Resources */,
			);
			runOnlyForDeploymentPostprocessing = 0;
		};
/* End PBXResourcesBuildPhase section */

/* Begin PBXSourcesBuildPhase section */
		B280BC6724E829880091D74B /* Sources */ = {
			isa = PBXSourcesBuildPhase;
			buildActionMask = 2147483647;
			files = (
				B280BC8424E82CD90091D74B /* WeatherService.swift in Sources */,
				B280BC8724E82F690091D74B /* WeatherViewModel.swift in Sources */,
				B280BC8124E82B880091D74B /* Weather.swift in Sources */,
				B280BC7124E829880091D74B /* ContentView.swift in Sources */,
				B280BC6F24E829880091D74B /* CurrentWeatherApp.swift in Sources */,
				B280BC7E24E82B6C0091D74B /* Constants.swift in Sources */,
			);
			runOnlyForDeploymentPostprocessing = 0;
		};
/* End PBXSourcesBuildPhase section */

/* Begin XCBuildConfiguration section */
		B280BC7824E829890091D74B /* Debug */ = {
			isa = XCBuildConfiguration;
			buildSettings = {
				ALWAYS_SEARCH_USER_PATHS = NO;
				CLANG_ANALYZER_NONNULL = YES;
				CLANG_ANALYZER_NUMBER_OBJECT_CONVERSION = YES_AGGRESSIVE;
				CLANG_CXX_LANGUAGE_STANDARD = "gnu++14";
				CLANG_CXX_LIBRARY = "libc++";
				CLANG_ENABLE_MODULES = YES;
				CLANG_ENABLE_OBJC_ARC = YES;
				CLANG_ENABLE_OBJC_WEAK = YES;
				CLANG_WARN_BLOCK_CAPTURE_AUTORELEASING = YES;
				CLANG_WARN_BOOL_CONVERSION = YES;
				CLANG_WARN_COMMA = YES;
				CLANG_WARN_CONSTANT_CONVERSION = YES;
				CLANG_WARN_DEPRECATED_OBJC_IMPLEMENTATIONS = YES;
				CLANG_WARN_DIRECT_OBJC_ISA_USAGE = YES_ERROR;
				CLANG_WARN_DOCUMENTATION_COMMENTS = YES;
				CLANG_WARN_EMPTY_BODY = YES;
				CLANG_WARN_ENUM_CONVERSION = YES;
				CLANG_WARN_INFINITE_RECURSION = YES;
				CLANG_WARN_INT_CONVERSION = YES;
				CLANG_WARN_NON_LITERAL_NULL_CONVERSION = YES;
				CLANG_WARN_OBJC_IMPLICIT_RETAIN_SELF = YES;
				CLANG_WARN_OBJC_LITERAL_CONVERSION = YES;
				CLANG_WARN_OBJC_ROOT_CLASS = YES_ERROR;
				CLANG_WARN_QUOTED_INCLUDE_IN_FRAMEWORK_HEADER = YES;
				CLANG_WARN_RANGE_LOOP_ANALYSIS = YES;
				CLANG_WARN_STRICT_PROTOTYPES = YES;
				CLANG_WARN_SUSPICIOUS_MOVE = YES;
				CLANG_WARN_UNGUARDED_AVAILABILITY = YES_AGGRESSIVE;
				CLANG_WARN_UNREACHABLE_CODE = YES;
				CLANG_WARN__DUPLICATE_METHOD_MATCH = YES;
				COPY_PHASE_STRIP = NO;
				DEBUG_INFORMATION_FORMAT = dwarf;
				ENABLE_STRICT_OBJC_MSGSEND = YES;
				ENABLE_TESTABILITY = YES;
				GCC_C_LANGUAGE_STANDARD = gnu11;
				GCC_DYNAMIC_NO_PIC = NO;
				GCC_NO_COMMON_BLOCKS = YES;
				GCC_OPTIMIZATION_LEVEL = 0;
				GCC_PREPROCESSOR_DEFINITIONS = (
					"DEBUG=1",
					"$(inherited)",
				);
				GCC_WARN_64_TO_32_BIT_CONVERSION = YES;
				GCC_WARN_ABOUT_RETURN_TYPE = YES_ERROR;
				GCC_WARN_UNDECLARED_SELECTOR = YES;
				GCC_WARN_UNINITIALIZED_AUTOS = YES_AGGRESSIVE;
				GCC_WARN_UNUSED_FUNCTION = YES;
				GCC_WARN_UNUSED_VARIABLE = YES;
				IPHONEOS_DEPLOYMENT_TARGET = 14.0;
				MTL_ENABLE_DEBUG_INFO = INCLUDE_SOURCE;
				MTL_FAST_MATH = YES;
				ONLY_ACTIVE_ARCH = YES;
				SDKROOT = iphoneos;
				SWIFT_ACTIVE_COMPILATION_CONDITIONS = DEBUG;
				SWIFT_OPTIMIZATION_LEVEL = "-Onone";
			};
			name = Debug;
		};
		B280BC7924E829890091D74B /* Release */ = {
			isa = XCBuildConfiguration;
			buildSettings = {
				ALWAYS_SEARCH_USER_PATHS = NO;
				CLANG_ANALYZER_NONNULL = YES;
				CLANG_ANALYZER_NUMBER_OBJECT_CONVERSION = YES_AGGRESSIVE;
				CLANG_CXX_LANGUAGE_STANDARD = "gnu++14";
				CLANG_CXX_LIBRARY = "libc++";
				CLANG_ENABLE_MODULES = YES;
				CLANG_ENABLE_OBJC_ARC = YES;
				CLANG_ENABLE_OBJC_WEAK = YES;
				CLANG_WARN_BLOCK_CAPTURE_AUTORELEASING = YES;
				CLANG_WARN_BOOL_CONVERSION = YES;
				CLANG_WARN_COMMA = YES;
				CLANG_WARN_CONSTANT_CONVERSION = YES;
				CLANG_WARN_DEPRECATED_OBJC_IMPLEMENTATIONS = YES;
				CLANG_WARN_DIRECT_OBJC_ISA_USAGE = YES_ERROR;
				CLANG_WARN_DOCUMENTATION_COMMENTS = YES;
				CLANG_WARN_EMPTY_BODY = YES;
				CLANG_WARN_ENUM_CONVERSION = YES;
				CLANG_WARN_INFINITE_RECURSION = YES;
				CLANG_WARN_INT_CONVERSION = YES;
				CLANG_WARN_NON_LITERAL_NULL_CONVERSION = YES;
				CLANG_WARN_OBJC_IMPLICIT_RETAIN_SELF = YES;
				CLANG_WARN_OBJC_LITERAL_CONVERSION = YES;
				CLANG_WARN_OBJC_ROOT_CLASS = YES_ERROR;
				CLANG_WARN_QUOTED_INCLUDE_IN_FRAMEWORK_HEADER = YES;
				CLANG_WARN_RANGE_LOOP_ANALYSIS = YES;
				CLANG_WARN_STRICT_PROTOTYPES = YES;
				CLANG_WARN_SUSPICIOUS_MOVE = YES;
				CLANG_WARN_UNGUARDED_AVAILABILITY = YES_AGGRESSIVE;
				CLANG_WARN_UNREACHABLE_CODE = YES;
				CLANG_WARN__DUPLICATE_METHOD_MATCH = YES;
				COPY_PHASE_STRIP = NO;
				DEBUG_INFORMATION_FORMAT = "dwarf-with-dsym";
				ENABLE_NS_ASSERTIONS = NO;
				ENABLE_STRICT_OBJC_MSGSEND = YES;
				GCC_C_LANGUAGE_STANDARD = gnu11;
				GCC_NO_COMMON_BLOCKS = YES;
				GCC_WARN_64_TO_32_BIT_CONVERSION = YES;
				GCC_WARN_ABOUT_RETURN_TYPE = YES_ERROR;
				GCC_WARN_UNDECLARED_SELECTOR = YES;
				GCC_WARN_UNINITIALIZED_AUTOS = YES_AGGRESSIVE;
				GCC_WARN_UNUSED_FUNCTION = YES;
				GCC_WARN_UNUSED_VARIABLE = YES;
				IPHONEOS_DEPLOYMENT_TARGET = 14.0;
				MTL_ENABLE_DEBUG_INFO = NO;
				MTL_FAST_MATH = YES;
				SDKROOT = iphoneos;
				SWIFT_COMPILATION_MODE = wholemodule;
				SWIFT_OPTIMIZATION_LEVEL = "-O";
				VALIDATE_PRODUCT = YES;
			};
			name = Release;
		};
		B280BC7B24E829890091D74B /* Debug */ = {
			isa = XCBuildConfiguration;
			buildSettings = {
				ASSETCATALOG_COMPILER_APPICON_NAME = AppIcon;
				ASSETCATALOG_COMPILER_GLOBAL_ACCENT_COLOR_NAME = AccentColor;
				CODE_SIGN_STYLE = Automatic;
				DEVELOPMENT_ASSET_PATHS = "\"CurrentWeather/Preview Content\"";
				DEVELOPMENT_TEAM = R46Q3HW9V3;
				ENABLE_PREVIEWS = YES;
				INFOPLIST_FILE = CurrentWeather/Info.plist;
				IPHONEOS_DEPLOYMENT_TARGET = 14.0;
				LD_RUNPATH_SEARCH_PATHS = (
					"$(inherited)",
					"@executable_path/Frameworks",
				);
				PRODUCT_BUNDLE_IDENTIFIER = dev.kanz.CurrentWeather;
				PRODUCT_NAME = "$(TARGET_NAME)";
				SWIFT_VERSION = 5.0;
				TARGETED_DEVICE_FAMILY = "1,2";
			};
			name = Debug;
		};
		B280BC7C24E829890091D74B /* Release */ = {
			isa = XCBuildConfiguration;
			buildSettings = {
				ASSETCATALOG_COMPILER_APPICON_NAME = AppIcon;
				ASSETCATALOG_COMPILER_GLOBAL_ACCENT_COLOR_NAME = AccentColor;
				CODE_SIGN_STYLE = Automatic;
				DEVELOPMENT_ASSET_PATHS = "\"CurrentWeather/Preview Content\"";
				DEVELOPMENT_TEAM = R46Q3HW9V3;
				ENABLE_PREVIEWS = YES;
				INFOPLIST_FILE = CurrentWeather/Info.plist;
				IPHONEOS_DEPLOYMENT_TARGET = 14.0;
				LD_RUNPATH_SEARCH_PATHS = (
					"$(inherited)",
					"@executable_path/Frameworks",
				);
				PRODUCT_BUNDLE_IDENTIFIER = dev.kanz.CurrentWeather;
				PRODUCT_NAME = "$(TARGET_NAME)";
				SWIFT_VERSION = 5.0;
				TARGETED_DEVICE_FAMILY = "1,2";
			};
			name = Release;
		};
/* End XCBuildConfiguration section */

/* Begin XCConfigurationList section */
		B280BC6624E829880091D74B /* Build configuration list for PBXProject "CurrentWeather" */ = {
			isa = XCConfigurationList;
			buildConfigurations = (
				B280BC7824E829890091D74B /* Debug */,
				B280BC7924E829890091D74B /* Release */,
			);
			defaultConfigurationIsVisible = 0;
			defaultConfigurationName = Release;
		};
		B280BC7A24E829890091D74B /* Build configuration list for PBXNativeTarget "CurrentWeather" */ = {
			isa = XCConfigurationList;
			buildConfigurations = (
				B280BC7B24E829890091D74B /* Debug */,
				B280BC7C24E829890091D74B /* Release */,
			);
			defaultConfigurationIsVisible = 0;
			defaultConfigurationName = Release;
		};
/* End XCConfigurationList section */
	};
	rootObject = B280BC6324E829880091D74B /* Project object */;
}
